
Microsoft Visual Studio Solution File, Format Version 12.00
# Visual Studio Version 17
VisualStudioVersion = 17.3.32922.545
MinimumVisualStudioVersion = 10.0.40219.1
Project("{9A19103F-16F7-4668-BE54-9A1E7A4F7556}") = "HDataAccess", "DataModels\HDataAccess.csproj", "{B12DD2D7-2A7F-4B07-A28A-96FB4A3A908A}"
	ProjectSection(ProjectDependencies) = postProject
		{F8E499FE-396E-4580-A0F0-E1D696CFDF93} = {F8E499FE-396E-4580-A0F0-E1D696CFDF93}
	EndProjectSection
EndProject
Project("{FAE04EC0-301F-11D3-BF4B-00C04F79EFBC}") = "ConsoleAppHorse", "ConsoleAppHorse\ConsoleAppHorse.csproj", "{F8E499FE-396E-4580-A0F0-E1D696CFDF93}"
EndProject
Global
	GlobalSection(SolutionConfigurationPlatforms) = preSolution
		Debug|Any CPU = Debug|Any CPU
		Release|Any CPU = Release|Any CPU
	EndGlobalSection
	GlobalSection(ProjectConfigurationPlatforms) = postSolution
		{B12DD2D7-2A7F-4B07-A28A-96FB4A3A908A}.Debug|Any CPU.ActiveCfg = Debug|Any CPU
		{B12DD2D7-2A7F-4B07-A28A-96FB4A3A908A}.Debug|Any CPU.Build.0 = Debug|Any CPU
		{B12DD2D7-2A7F-4B07-A28A-96FB4A3A908A}.Release|Any CPU.ActiveCfg = Release|Any CPU
		{B12DD2D7-2A7F-4B07-A28A-96FB4A3A908A}.Release|Any CPU.Build.0 = Release|Any CPU
		{F8E499FE-396E-4580-A0F0-E1D696CFDF93}.Debug|Any CPU.ActiveCfg = Debug|Any CPU
		{F8E499FE-396E-4580-A0F0-E1D696CFDF93}.Debug|Any CPU.Build.0 = Debug|Any CPU
		{F8E499FE-396E-4580-A0F0-E1D696CFDF93}.Release|Any CPU.ActiveCfg = Release|Any CPU
		{F8E499FE-396E-4580-A0F0-E1D696CFDF93}.Release|Any CPU.Build.0 = Release|Any CPU
	EndGlobalSection
	GlobalSection(SolutionProperties) = preSolution
		HideSolutionNode = FALSE
	EndGlobalSection
	GlobalSection(ExtensibilityGlobals) = postSolution
		SolutionGuid = {269FEDDA-51AC-4FC0-B16E-D6F9D459AB88}
	EndGlobalSection
EndGlobal
